
Microsoft Visual Studio Solution File, Format Version 12.00
# Visual Studio Version 16
VisualStudioVersion = 16.0.30804.86
MinimumVisualStudioVersion = 10.0.40219.1
Project("{FAE04EC0-301F-11D3-BF4B-00C04F79EFBC}") = "CSharpExercises_22", "CSharpExercises_22.csproj", "{4826EF25-D68A-42E0-8A50-F084AA996D8B}"
EndProject
Global
	GlobalSection(SolutionConfigurationPlatforms) = preSolution
		Debug|Any CPU = Debug|Any CPU
		Release|Any CPU = Release|Any CPU
	EndGlobalSection
	GlobalSection(ProjectConfigurationPlatforms) = postSolution
		{4826EF25-D68A-42E0-8A50-F084AA996D8B}.Debug|Any CPU.ActiveCfg = Debug|Any CPU
		{4826EF25-D68A-42E0-8A50-F084AA996D8B}.Debug|Any CPU.Build.0 = Debug|Any CPU
		{4826EF25-D68A-42E0-8A50-F084AA996D8B}.Release|Any CPU.ActiveCfg = Release|Any CPU
		{4826EF25-D68A-42E0-8A50-F084AA996D8B}.Release|Any CPU.Build.0 = Release|Any CPU
	EndGlobalSection
	GlobalSection(SolutionProperties) = preSolution
		HideSolutionNode = FALSE
	EndGlobalSection
	GlobalSection(ExtensibilityGlobals) = postSolution
		SolutionGuid = {FD720111-6A11-4B63-BCEF-4C75C13FB498}
	EndGlobalSection
EndGlobal
